<?xml version="1.0" encoding="utf-8"?>
<Project ToolsVersion="4.0" xmlns="http://schemas.microsoft.com/developer/msbuild/2003">
  <ItemGroup>
    <ClCompile Include="..\includes\stdafx.cpp">
      <Filter>includes</Filter>
    </ClCompile>
    <ClCompile Include="dllmain.cpp">
      <Filter>dllmain</Filter>
    </ClCompile>
    <ClCompile Include="..\Wrappers\wrapper.cpp">
      <Filter>Wrappers</Filter>
    </ClCompile>
    <ClCompile Include="..\external\ModUtils\Patterns.cpp">
      <Filter>external\ModUtils</Filter>
    </ClCompile>
    <ClCompile Include="ToolMenu.cpp">
      <Filter>dllmain</Filter>
    </ClCompile>
    <ClCompile Include="RoomInfo.cpp">
      <Filter>dllmain</Filter>
    </ClCompile>
    <ClCompile Include="ToolMenuDebug.cpp">
      <Filter>dllmain</Filter>
    </ClCompile>
    <ClCompile Include="ToolMenuLights.cpp">
      <Filter>dllmain</Filter>
    </ClCompile>
    <ClCompile Include="WndProcHook.cpp">
      <Filter>dllmain</Filter>
    </ClCompile>
    <ClCompile Include="cfgMenu.cpp">
      <Filter>dllmain</Filter>
    </ClCompile>
    <ClCompile Include="HandleLimits.cpp">
      <Filter>dllmain</Filter>
    </ClCompile>
    <ClCompile Include="Sofdec.cpp">
      <Filter>dllmain</Filter>
    </ClCompile>
    <ClCompile Include="FilterXXFixes.cpp">
      <Filter>dllmain</Filter>
    </ClCompile>
    <ClCompile Include="UltrawideFix.cpp">
      <Filter>dllmain</Filter>
    </ClCompile>
    <ClCompile Include="..\external\imgui\imgui.cpp">
      <Filter>external\ImGui</Filter>
    </ClCompile>
    <ClCompile Include="..\external\imgui\imgui_demo.cpp">
      <Filter>external\ImGui</Filter>
    </ClCompile>
    <ClCompile Include="..\external\imgui\imgui_draw.cpp">
      <Filter>external\ImGui</Filter>
    </ClCompile>
    <ClCompile Include="..\external\imgui\imgui_impl_dx9.cpp">
      <Filter>external\ImGui</Filter>
    </ClCompile>
    <ClCompile Include="..\external\imgui\imgui_impl_win32.cpp">
      <Filter>external\ImGui</Filter>
    </ClCompile>
    <ClCompile Include="..\external\imgui\imgui_tables.cpp">
      <Filter>external\ImGui</Filter>
    </ClCompile>
    <ClCompile Include="..\external\imgui\imgui_widgets.cpp">
      <Filter>external\ImGui</Filter>
    </ClCompile>
    <ClCompile Include="Settings.cpp">
      <Filter>dllmain</Filter>
    </ClCompile>
    <ClCompile Include="ConsoleWnd.cpp">
      <Filter>dllmain</Filter>
    </ClCompile>
    <ClCompile Include="QTEFixes.cpp">
      <Filter>dllmain</Filter>
    </ClCompile>
    <ClCompile Include="60fpsFixes.cpp">
      <Filter>dllmain</Filter>
    </ClCompile>
    <ClCompile Include="KeyboardMouseTweaks.cpp">
      <Filter>dllmain</Filter>
    </ClCompile>
    <ClCompile Include="MouseTurning.cpp">
      <Filter>dllmain</Filter>
    </ClCompile>
    <ClCompile Include="LAApatch.cpp">
      <Filter>dllmain</Filter>
    </ClCompile>
    <ClCompile Include="ExceptionHandler.cpp">
      <Filter>dllmain</Filter>
    </ClCompile>
    <ClCompile Include="..\external\imgui\imgui_stdlib.cpp">
      <Filter>includes\external\ImGui</Filter>
    </ClCompile>
    <ClCompile Include="ControllerTweaks.cpp">
      <Filter>dllmain</Filter>
    </ClCompile>
    <ClCompile Include="..\external\imgui\imgui_stdlib.cpp">
      <Filter>external\ImGui</Filter>
    </ClCompile>
    <ClCompile Include="input.cpp">
      <Filter>dllmain</Filter>
    </ClCompile>
    <ClCompile Include="Game.cpp">
      <Filter>dllmain</Filter>
    </ClCompile>
    <ClCompile Include="..\external\Hooking\Hook.cpp">
      <Filter>external\Hooking</Filter>
    </ClCompile>
    <ClCompile Include="..\external\Hooking\HotPatch.cpp">
      <Filter>external\Hooking</Filter>
    </ClCompile>
    <ClCompile Include="..\external\Hooking\IATPatch.cpp">
      <Filter>external\Hooking</Filter>
    </ClCompile>
    <ClCompile Include="..\external\Logging\Logging.cpp">
      <Filter>external\Logging</Filter>
    </ClCompile>
    <ClCompile Include="EndSceneHook.cpp">
      <Filter>dllmain</Filter>
    </ClCompile>
    <ClCompile Include="..\external\imgui\imgui_stdlib.cpp" />
  </ItemGroup>
  <ItemGroup>
    <ClInclude Include="..\includes\stdafx.h">
      <Filter>includes</Filter>
    </ClInclude>
    <ClInclude Include="..\external\inireader\ini_parser.hpp">
      <Filter>external\inireader</Filter>
    </ClInclude>
    <ClInclude Include="..\external\inireader\IniReader.h">
      <Filter>external\inireader</Filter>
    </ClInclude>
    <ClInclude Include="..\external\injector\include\injector\assembly.hpp">
      <Filter>external\injector</Filter>
    </ClInclude>
    <ClInclude Include="..\external\injector\include\injector\calling.hpp">
      <Filter>external\injector</Filter>
    </ClInclude>
    <ClInclude Include="..\external\injector\include\injector\hooking.hpp">
      <Filter>external\injector</Filter>
    </ClInclude>
    <ClInclude Include="..\external\injector\include\injector\injector.hpp">
      <Filter>external\injector</Filter>
    </ClInclude>
    <ClInclude Include="..\external\injector\include\injector\utility.hpp">
      <Filter>external\injector</Filter>
    </ClInclude>
    <ClInclude Include="resource.h">
      <Filter>resources</Filter>
    </ClInclude>
    <ClInclude Include="..\Wrappers\bcrypt.h">
      <Filter>Wrappers</Filter>
    </ClInclude>
    <ClInclude Include="..\Wrappers\cryptsp.h">
      <Filter>Wrappers</Filter>
    </ClInclude>
    <ClInclude Include="..\Wrappers\d2d1.h">
      <Filter>Wrappers</Filter>
    </ClInclude>
    <ClInclude Include="..\Wrappers\d3d8.h">
      <Filter>Wrappers</Filter>
    </ClInclude>
    <ClInclude Include="..\Wrappers\d3d9.h">
      <Filter>Wrappers</Filter>
    </ClInclude>
    <ClInclude Include="..\Wrappers\d3d10.h">
      <Filter>Wrappers</Filter>
    </ClInclude>
    <ClInclude Include="..\Wrappers\d3d11.h">
      <Filter>Wrappers</Filter>
    </ClInclude>
    <ClInclude Include="..\Wrappers\d3d12.h">
      <Filter>Wrappers</Filter>
    </ClInclude>
    <ClInclude Include="..\Wrappers\dciman32.h">
      <Filter>Wrappers</Filter>
    </ClInclude>
    <ClInclude Include="..\Wrappers\ddraw.h">
      <Filter>Wrappers</Filter>
    </ClInclude>
    <ClInclude Include="..\Wrappers\dinput.h">
      <Filter>Wrappers</Filter>
    </ClInclude>
    <ClInclude Include="..\Wrappers\dinput8.h">
      <Filter>Wrappers</Filter>
    </ClInclude>
    <ClInclude Include="..\Wrappers\dplayx.h">
      <Filter>Wrappers</Filter>
    </ClInclude>
    <ClInclude Include="..\Wrappers\dsound.h">
      <Filter>Wrappers</Filter>
    </ClInclude>
    <ClInclude Include="..\Wrappers\dwmapi.h">
      <Filter>Wrappers</Filter>
    </ClInclude>
    <ClInclude Include="..\Wrappers\msacm32.h">
      <Filter>Wrappers</Filter>
    </ClInclude>
    <ClInclude Include="..\Wrappers\msvfw32.h">
      <Filter>Wrappers</Filter>
    </ClInclude>
    <ClInclude Include="..\Wrappers\shared.h">
      <Filter>Wrappers</Filter>
    </ClInclude>
    <ClInclude Include="..\Wrappers\version.h">
      <Filter>Wrappers</Filter>
    </ClInclude>
    <ClInclude Include="..\Wrappers\wininet.h">
      <Filter>Wrappers</Filter>
    </ClInclude>
    <ClInclude Include="..\Wrappers\winmm.h">
      <Filter>Wrappers</Filter>
    </ClInclude>
    <ClInclude Include="..\Wrappers\wrapper.h">
      <Filter>Wrappers</Filter>
    </ClInclude>
    <ClInclude Include="..\Wrappers\wsock32.h">
      <Filter>Wrappers</Filter>
    </ClInclude>
    <ClInclude Include="..\external\ModUtils\DelimStringReader.h">
      <Filter>external\ModUtils</Filter>
    </ClInclude>
    <ClInclude Include="..\external\ModUtils\HookInit.hpp">
      <Filter>external\ModUtils</Filter>
    </ClInclude>
    <ClInclude Include="..\external\ModUtils\LateStaticInit.h">
      <Filter>external\ModUtils</Filter>
    </ClInclude>
    <ClInclude Include="..\external\ModUtils\MemoryMgr.GTA.h">
      <Filter>external\ModUtils</Filter>
    </ClInclude>
    <ClInclude Include="..\external\ModUtils\MemoryMgr.h">
      <Filter>external\ModUtils</Filter>
    </ClInclude>
    <ClInclude Include="..\external\ModUtils\ModuleList.hpp">
      <Filter>external\ModUtils</Filter>
    </ClInclude>
    <ClInclude Include="..\external\ModUtils\Patterns.h">
      <Filter>external\ModUtils</Filter>
    </ClInclude>
    <ClInclude Include="..\external\ModUtils\Trampoline.h">
      <Filter>external\ModUtils</Filter>
    </ClInclude>
    <ClInclude Include="GameFlags.h">
      <Filter>dllmain</Filter>
    </ClInclude>
    <ClInclude Include="dllmain.h">
      <Filter>dllmain</Filter>
    </ClInclude>
    <ClInclude Include="WndProcHook.h">
      <Filter>dllmain</Filter>
    </ClInclude>
    <ClInclude Include="cfgMenu.h">
      <Filter>dllmain</Filter>
    </ClInclude>
    <ClInclude Include="HandleLimits.h">
      <Filter>dllmain</Filter>
    </ClInclude>
    <ClInclude Include="Sofdec.h">
      <Filter>dllmain</Filter>
    </ClInclude>
    <ClInclude Include="FilterXXFixes.h">
      <Filter>dllmain</Filter>
    </ClInclude>
    <ClInclude Include="UltrawideFix.h">
      <Filter>dllmain</Filter>
    </ClInclude>
    <ClInclude Include="ToolMenu.h">
      <Filter>dllmain</Filter>
    </ClInclude>
    <ClInclude Include="Settings.h">
      <Filter>dllmain</Filter>
    </ClInclude>
    <ClInclude Include="..\external\imgui\imconfig.h">
      <Filter>external\ImGui</Filter>
    </ClInclude>
    <ClInclude Include="..\external\imgui\imgui.h">
      <Filter>external\ImGui</Filter>
    </ClInclude>
    <ClInclude Include="..\external\imgui\imgui_impl_dx9.h">
      <Filter>external\ImGui</Filter>
    </ClInclude>
    <ClInclude Include="..\external\imgui\imgui_impl_win32.h">
      <Filter>external\ImGui</Filter>
    </ClInclude>
    <ClInclude Include="..\external\imgui\imgui_internal.h">
      <Filter>external\ImGui</Filter>
    </ClInclude>
    <ClInclude Include="..\external\imgui\imstb_rectpack.h">
      <Filter>external\ImGui</Filter>
    </ClInclude>
    <ClInclude Include="..\external\imgui\imstb_textedit.h">
      <Filter>external\ImGui</Filter>
    </ClInclude>
    <ClInclude Include="..\external\imgui\imstb_truetype.h">
      <Filter>external\ImGui</Filter>
    </ClInclude>
    <ClInclude Include="..\settings\settings_string.h">
      <Filter>settings</Filter>
    </ClInclude>
    <ClInclude Include="ConsoleWnd.h">
      <Filter>dllmain</Filter>
    </ClInclude>
    <ClInclude Include="QTEFixes.h">
      <Filter>dllmain</Filter>
    </ClInclude>
    <ClInclude Include="60fpsFixes.h">
      <Filter>dllmain</Filter>
    </ClInclude>
    <ClInclude Include="KeyboardMouseTweaks.h">
      <Filter>dllmain</Filter>
    </ClInclude>
    <ClInclude Include="MouseTurning.h">
      <Filter>dllmain</Filter>
    </ClInclude>
    <ClInclude Include="..\includes\faprolight.hpp">
      <Filter>includes</Filter>
    </ClInclude>
    <ClInclude Include="..\includes\sffont.hpp">
      <Filter>includes</Filter>
    </ClInclude>
    <ClInclude Include="..\includes\hashes.h">
      <Filter>includes</Filter>
    </ClInclude>
    <ClInclude Include="LAApatch.h">
      <Filter>dllmain</Filter>
    </ClInclude>
    <ClInclude Include="..\includes\exception.hpp">
      <Filter>includes</Filter>
    </ClInclude>
    <ClInclude Include="ExceptionHandler.h">
      <Filter>dllmain</Filter>
    </ClInclude>
    <ClInclude Include="..\Wrappers\xinput1_3.h">
      <Filter>Wrappers</Filter>
    </ClInclude>
    <ClInclude Include="..\Wrappers\x3daudio1_7.h">
      <Filter>Wrappers</Filter>
    </ClInclude>
    <ClInclude Include="..\external\imgui\imgui_stdlib.h">
      <Filter>includes\external\ImGui</Filter>
    </ClInclude>
    <ClInclude Include="ControllerTweaks.h">
      <Filter>dllmain</Filter>
    </ClInclude>
    <ClInclude Include="..\external\imgui\imgui_stdlib.h">
      <Filter>external\ImGui</Filter>
    </ClInclude>
    <ClInclude Include="input.hpp">
      <Filter>dllmain</Filter>
    </ClInclude>
    <ClInclude Include="Game.h">
      <Filter>dllmain</Filter>
    </ClInclude>
    <ClInclude Include="..\external\Hooking\Hook.h">
      <Filter>external\Hooking</Filter>
    </ClInclude>
    <ClInclude Include="..\external\Logging\Logging.h">
      <Filter>external\Logging</Filter>
    </ClInclude>
    <ClInclude Include="EndSceneHook.h">
      <Filter>dllmain</Filter>
    </ClInclude>
    <ClInclude Include="..\external\imgui\imgui_stdlib.h" />
    <ClInclude Include="gitparams.h">
      <Filter>dllmain</Filter>
    </ClInclude>
  </ItemGroup>
  <ItemGroup>
    <Filter Include="includes">
      <UniqueIdentifier>{0b4197c1-e92b-4635-82ba-a9286f6fbc24}</UniqueIdentifier>
    </Filter>
    <Filter Include="resources">
      <UniqueIdentifier>{ca2daba6-e9de-43f2-a1bb-51be9b1d0d15}</UniqueIdentifier>
    </Filter>
    <Filter Include="dllmain">
      <UniqueIdentifier>{1bcdb7af-782c-4c74-9568-0406602f0689}</UniqueIdentifier>
    </Filter>
    <Filter Include="Wrappers">
      <UniqueIdentifier>{462d656f-4021-4695-b31c-152e450c072c}</UniqueIdentifier>
    </Filter>
    <Filter Include="settings">
      <UniqueIdentifier>{a5f93009-19d5-47c0-8537-020855d842b5}</UniqueIdentifier>
    </Filter>
    <Filter Include="external">
      <UniqueIdentifier>{519c6c33-721f-48c7-ae8d-02adbc3058ae}</UniqueIdentifier>
    </Filter>
    <Filter Include="external\inireader">
      <UniqueIdentifier>{4e462c16-30a0-469e-837e-e087a37306f3}</UniqueIdentifier>
    </Filter>
    <Filter Include="external\injector">
      <UniqueIdentifier>{aae8b126-aaff-4521-8354-1de4e1c22a11}</UniqueIdentifier>
    </Filter>
    <Filter Include="external\ModUtils">
      <UniqueIdentifier>{88d1e229-57d4-46a5-8f87-f1ec6de9bcbd}</UniqueIdentifier>
    </Filter>
    <Filter Include="external\ImGui">
      <UniqueIdentifier>{8009d333-9eac-43b4-a9eb-014433e845ab}</UniqueIdentifier>
    </Filter>
    <Filter Include="external\Hooking">
      <UniqueIdentifier>{f4636442-5897-4e0e-9752-b925ff5f3fef}</UniqueIdentifier>
    </Filter>
    <Filter Include="external\Logging">
      <UniqueIdentifier>{3655761d-1436-4c7c-a4e9-91cc9ba19b7e}</UniqueIdentifier>
    </Filter>
  </ItemGroup>
  <ItemGroup>
    <ResourceCompile Include="dllmain.rc">
      <Filter>resources</Filter>
    </ResourceCompile>
  </ItemGroup>
  <ItemGroup>
    <None Include="..\Wrappers\wrapper.def">
      <Filter>Wrappers</Filter>
    </None>
  </ItemGroup>
  <ItemGroup>
    <Text Include="..\Wrappers\License.txt">
      <Filter>Wrappers</Filter>
    </Text>
  </ItemGroup>
</Project>